
Microsoft Visual Studio Solution File, Format Version 12.00
# Visual Studio Version 17
VisualStudioVersion = 17.14.36414.22 d17.14
MinimumVisualStudioVersion = 10.0.40219.1
Project("{FAE04EC0-301F-11D3-BF4B-00C04F79EFBC}") = "While", "While\While.csproj", "{35C0A9E6-B9FE-432B-A6B5-F5FC7A3217E1}"
EndProject
Global
	GlobalSection(SolutionConfigurationPlatforms) = preSolution
		Debug|Any CPU = Debug|Any CPU
		Release|Any CPU = Release|Any CPU
	EndGlobalSection
	GlobalSection(ProjectConfigurationPlatforms) = postSolution
		{35C0A9E6-B9FE-432B-A6B5-F5FC7A3217E1}.Debug|Any CPU.ActiveCfg = Debug|Any CPU
		{35C0A9E6-B9FE-432B-A6B5-F5FC7A3217E1}.Debug|Any CPU.Build.0 = Debug|Any CPU
		{35C0A9E6-B9FE-432B-A6B5-F5FC7A3217E1}.Release|Any CPU.ActiveCfg = Release|Any CPU
		{35C0A9E6-B9FE-432B-A6B5-F5FC7A3217E1}.Release|Any CPU.Build.0 = Release|Any CPU
	EndGlobalSection
	GlobalSection(SolutionProperties) = preSolution
		HideSolutionNode = FALSE
	EndGlobalSection
	GlobalSection(ExtensibilityGlobals) = postSolution
		SolutionGuid = {EF3B032B-DCA4-46F4-9847-502AEF4E82E1}
	EndGlobalSection
EndGlobal
