
Microsoft Visual Studio Solution File, Format Version 12.00
# Visual Studio Version 17
VisualStudioVersion = 17.14.36414.22 d17.14
MinimumVisualStudioVersion = 10.0.40219.1
Project("{FAE04EC0-301F-11D3-BF4B-00C04F79EFBC}") = "Ex01", "Ex01\Ex01.csproj", "{E8C7BD49-461D-41C8-AE64-70155AC6AA2B}"
EndProject
Global
	GlobalSection(SolutionConfigurationPlatforms) = preSolution
		Debug|Any CPU = Debug|Any CPU
		Release|Any CPU = Release|Any CPU
	EndGlobalSection
	GlobalSection(ProjectConfigurationPlatforms) = postSolution
		{E8C7BD49-461D-41C8-AE64-70155AC6AA2B}.Debug|Any CPU.ActiveCfg = Debug|Any CPU
		{E8C7BD49-461D-41C8-AE64-70155AC6AA2B}.Debug|Any CPU.Build.0 = Debug|Any CPU
		{E8C7BD49-461D-41C8-AE64-70155AC6AA2B}.Release|Any CPU.ActiveCfg = Release|Any CPU
		{E8C7BD49-461D-41C8-AE64-70155AC6AA2B}.Release|Any CPU.Build.0 = Release|Any CPU
	EndGlobalSection
	GlobalSection(SolutionProperties) = preSolution
		HideSolutionNode = FALSE
	EndGlobalSection
	GlobalSection(ExtensibilityGlobals) = postSolution
		SolutionGuid = {F216E15D-A74A-4160-803D-4048152911E8}
	EndGlobalSection
EndGlobal
